
Microsoft Visual Studio Solution File, Format Version 12.00
# Visual Studio Version 16
VisualStudioVersion = 16.0.33927.289
MinimumVisualStudioVersion = 10.0.40219.1
Project("{FAE04EC0-301F-11D3-BF4B-00C04F79EFBC}") = "WebApplicatio1", "WebApplicatio1\WebApplicatio1.csproj", "{16F9AF43-AFE7-4B81-B7BE-91EF563B130C}"
EndProject
Global
	GlobalSection(SolutionConfigurationPlatforms) = preSolution
		Debug|Any CPU = Debug|Any CPU
		Release|Any CPU = Release|Any CPU
	EndGlobalSection
	GlobalSection(ProjectConfigurationPlatforms) = postSolution
		{16F9AF43-AFE7-4B81-B7BE-91EF563B130C}.Debug|Any CPU.ActiveCfg = Debug|Any CPU
		{16F9AF43-AFE7-4B81-B7BE-91EF563B130C}.Debug|Any CPU.Build.0 = Debug|Any CPU
		{16F9AF43-AFE7-4B81-B7BE-91EF563B130C}.Release|Any CPU.ActiveCfg = Release|Any CPU
		{16F9AF43-AFE7-4B81-B7BE-91EF563B130C}.Release|Any CPU.Build.0 = Release|Any CPU
	EndGlobalSection
	GlobalSection(SolutionProperties) = preSolution
		HideSolutionNode = FALSE
	EndGlobalSection
	GlobalSection(ExtensibilityGlobals) = postSolution
		SolutionGuid = {E202557C-AC8F-4A86-BA08-514C765846A4}
	EndGlobalSection
EndGlobal
