
Microsoft Visual Studio Solution File, Format Version 12.00
# Visual Studio Version 16
VisualStudioVersion = 16.0.33801.447
MinimumVisualStudioVersion = 10.0.40219.1
Project("{FAE04EC0-301F-11D3-BF4B-00C04F79EFBC}") = "Business", "Business\Business.csproj", "{96FCC420-661C-4C20-A458-6648BB0BCBD3}"
EndProject
Project("{FAE04EC0-301F-11D3-BF4B-00C04F79EFBC}") = "WebApplication1", "WebApplication1\WebApplication1.csproj", "{F6DDD0BC-58C0-4128-8809-E423A51D0341}"
EndProject
Global
	GlobalSection(SolutionConfigurationPlatforms) = preSolution
		Debug|Any CPU = Debug|Any CPU
		Release|Any CPU = Release|Any CPU
	EndGlobalSection
	GlobalSection(ProjectConfigurationPlatforms) = postSolution
		{96FCC420-661C-4C20-A458-6648BB0BCBD3}.Debug|Any CPU.ActiveCfg = Debug|Any CPU
		{96FCC420-661C-4C20-A458-6648BB0BCBD3}.Debug|Any CPU.Build.0 = Debug|Any CPU
		{96FCC420-661C-4C20-A458-6648BB0BCBD3}.Release|Any CPU.ActiveCfg = Release|Any CPU
		{96FCC420-661C-4C20-A458-6648BB0BCBD3}.Release|Any CPU.Build.0 = Release|Any CPU
		{F6DDD0BC-58C0-4128-8809-E423A51D0341}.Debug|Any CPU.ActiveCfg = Debug|Any CPU
		{F6DDD0BC-58C0-4128-8809-E423A51D0341}.Debug|Any CPU.Build.0 = Debug|Any CPU
		{F6DDD0BC-58C0-4128-8809-E423A51D0341}.Release|Any CPU.ActiveCfg = Release|Any CPU
		{F6DDD0BC-58C0-4128-8809-E423A51D0341}.Release|Any CPU.Build.0 = Release|Any CPU
	EndGlobalSection
	GlobalSection(SolutionProperties) = preSolution
		HideSolutionNode = FALSE
	EndGlobalSection
	GlobalSection(ExtensibilityGlobals) = postSolution
		SolutionGuid = {C76E6FFF-20B3-4D79-B76D-E5EE9F046B0A}
	EndGlobalSection
EndGlobal
